
Microsoft Visual Studio Solution File, Format Version 12.00
# Visual Studio 15
VisualStudioVersion = 15.0.28010.2036
MinimumVisualStudioVersion = 10.0.40219.1
Project("{FAE04EC0-301F-11D3-BF4B-00C04F79EFBC}") = "Snake.BLL", "Snake.BLL\Snake.BLL.csproj", "{C526C373-F9FB-4896-95C0-6502DD02650E}"
EndProject
Global
	GlobalSection(SolutionConfigurationPlatforms) = preSolution
		Debug|Any CPU = Debug|Any CPU
		Release|Any CPU = Release|Any CPU
	EndGlobalSection
	GlobalSection(ProjectConfigurationPlatforms) = postSolution
		{C526C373-F9FB-4896-95C0-6502DD02650E}.Debug|Any CPU.ActiveCfg = Debug|Any CPU
		{C526C373-F9FB-4896-95C0-6502DD02650E}.Debug|Any CPU.Build.0 = Debug|Any CPU
		{C526C373-F9FB-4896-95C0-6502DD02650E}.Release|Any CPU.ActiveCfg = Release|Any CPU
		{C526C373-F9FB-4896-95C0-6502DD02650E}.Release|Any CPU.Build.0 = Release|Any CPU
	EndGlobalSection
	GlobalSection(SolutionProperties) = preSolution
		HideSolutionNode = FALSE
	EndGlobalSection
	GlobalSection(ExtensibilityGlobals) = postSolution
		SolutionGuid = {86A0A79E-EC61-41D2-8641-CA0F50892A0B}
	EndGlobalSection
EndGlobal
